
Microsoft Visual Studio Solution File, Format Version 12.00
# Visual Studio 15
VisualStudioVersion = 15.0.28307.102
MinimumVisualStudioVersion = 10.0.40219.1
Project("{FAE04EC0-301F-11D3-BF4B-00C04F79EFBC}") = "DiceConverter", "DiceConverter.csproj", "{41E49C80-4013-439A-A80F-946E8DC46F1D}"
EndProject
Global
	GlobalSection(SolutionConfigurationPlatforms) = preSolution
		Debug|Any CPU = Debug|Any CPU
		Release|Any CPU = Release|Any CPU
	EndGlobalSection
	GlobalSection(ProjectConfigurationPlatforms) = postSolution
		{41E49C80-4013-439A-A80F-946E8DC46F1D}.Debug|Any CPU.ActiveCfg = Debug|Any CPU
		{41E49C80-4013-439A-A80F-946E8DC46F1D}.Debug|Any CPU.Build.0 = Debug|Any CPU
		{41E49C80-4013-439A-A80F-946E8DC46F1D}.Release|Any CPU.ActiveCfg = Release|Any CPU
		{41E49C80-4013-439A-A80F-946E8DC46F1D}.Release|Any CPU.Build.0 = Release|Any CPU
	EndGlobalSection
	GlobalSection(SolutionProperties) = preSolution
		HideSolutionNode = FALSE
	EndGlobalSection
	GlobalSection(ExtensibilityGlobals) = postSolution
		SolutionGuid = {B13EADD2-A4C4-4712-BA01-E605EE40CD79}
	EndGlobalSection
EndGlobal
